PODS:
  - Alamofire (5.5.0)
  - Haneke (1.0.1)
  - JGProgressHUD (2.2)
  - Moya (15.0.0):
    - Moya/Core (= 15.0.0)
  - Moya/Core (15.0.0):
    - Alamofire (~> 5.0)

DEPENDENCIES:
  - Haneke (from `https://github.com/ronanociosoig/Haneke.git`)
  - JGProgressHUD (from `https://github.com/ronanociosoig/JGProgressHUD.git`)
  - Moya

SPEC REPOS:
  trunk:
    - Alamofire
    - Moya

EXTERNAL SOURCES:
  Haneke:
    :git: https://github.com/ronanociosoig/Haneke.git
  JGProgressHUD:
    :git: https://github.com/ronanociosoig/JGProgressHUD.git

CHECKOUT OPTIONS:
  Haneke:
    :commit: 3a36e7e346324ceb244b9c61747efd7e6c712bfd
    :git: https://github.com/ronanociosoig/Haneke.git
  JGProgressHUD:
    :commit: 9b720f2501846903b092d0f8d6eb2f681ca7c82f
    :git: https://github.com/ronanociosoig/JGProgressHUD.git

SPEC CHECKSUMS:
  Alamofire: 1c4fb5369c3fe93d2857c780d8bbe09f06f97e7c
  Haneke: dec10dd6b1cf56ababce7106685fba8db7e00718
  JGProgressHUD: 29a7fe0e5143a4798d8cd6b9630bb5d443a85458
  Moya: 138f0573e53411fb3dc17016add0b748dfbd78ee

PODFILE CHECKSUM: 9908150a02e5dfab47ea0bf3b46ae558bbe7eeb3

COCOAPODS: 1.11.2
