// !$*UTF8*$!
{
	archiveVersion = 1;
	classes = {
	};
	objectVersion = 50;
	objects = {

/* Begin PBXBuildFile section */
		172444E92E3BDE1AC29CD59E /* Pods_Wefox_PokedexTests.framework in Frameworks */ = {isa = PBXBuildFile; fileRef = 4A4F8EEC261CF2D9020F87F4 /* Pods_Wefox_PokedexTests.framework */; };
		2A9297AFCA0DC4349A27323B /* Pods_Wefox_Pokedex.framework in Frameworks */ = {isa = PBXBuildFile; fileRef = 1BF2C3C5FA7C2C063189DBEF /* Pods_Wefox_Pokedex.framework */; };
		A4F5885C18D2D7ACA66AAE2B /* Pods_Wefox_PokedexUITests.framework in Frameworks */ = {isa = PBXBuildFile; fileRef = C8B78A14EDC1A0E65C57E59B /* Pods_Wefox_PokedexUITests.framework */; };
		AF4E3CB422844C2200760406 /* AppDelegate.swift in Sources */ = {isa = PBXBuildFile; fileRef = AF4E3CB322844C2200760406 /* AppDelegate.swift */; };
		AF4E3CB622844C2200760406 /* ViewController.swift in Sources */ = {isa = PBXBuildFile; fileRef = AF4E3CB522844C2200760406 /* ViewController.swift */; };
		AF4E3CB922844C2200760406 /* Main.storyboard in Resources */ = {isa = PBXBuildFile; fileRef = AF4E3CB722844C2200760406 /* Main.storyboard */; };
		AF4E3CBB22844C2500760406 /* Assets.xcassets in Resources */ = {isa = PBXBuildFile; fileRef = AF4E3CBA22844C2500760406 /* Assets.xcassets */; };
		AF4E3CBE22844C2500760406 /* LaunchScreen.storyboard in Resources */ = {isa = PBXBuildFile; fileRef = AF4E3CBC22844C2500760406 /* LaunchScreen.storyboard */; };
		AF4E3CC922844C2500760406 /* Wefox_PokedexTests.swift in Sources */ = {isa = PBXBuildFile; fileRef = AF4E3CC822844C2500760406 /* Wefox_PokedexTests.swift */; };
		AF4E3CD422844C2500760406 /* Wefox_PokedexUITests.swift in Sources */ = {isa = PBXBuildFile; fileRef = AF4E3CD322844C2500760406 /* Wefox_PokedexUITests.swift */; };
		AF4E3CE422844E8200760406 /* AppController.swift in Sources */ = {isa = PBXBuildFile; fileRef = AF4E3CE322844E8200760406 /* AppController.swift */; };
		AF4E3CE622844E8E00760406 /* Coordinator.swift in Sources */ = {isa = PBXBuildFile; fileRef = AF4E3CE522844E8E00760406 /* Coordinator.swift */; };
		AF4E3CE822844E9900760406 /* DataProvider.swift in Sources */ = {isa = PBXBuildFile; fileRef = AF4E3CE722844E9900760406 /* DataProvider.swift */; };
		AF4E3CEA22844EA700760406 /* AppData.swift in Sources */ = {isa = PBXBuildFile; fileRef = AF4E3CE922844EA700760406 /* AppData.swift */; };
		AF4E3CEC22844EB400760406 /* Constants.swift in Sources */ = {isa = PBXBuildFile; fileRef = AF4E3CEB22844EB400760406 /* Constants.swift */; };
		AF4E3CF3228455E100760406 /* HomeActions.swift in Sources */ = {isa = PBXBuildFile; fileRef = AF4E3CED228455E100760406 /* HomeActions.swift */; };
		AF4E3CF4228455E100760406 /* HomePresenter.swift in Sources */ = {isa = PBXBuildFile; fileRef = AF4E3CEE228455E100760406 /* HomePresenter.swift */; };
		AF4E3CF5228455E100760406 /* HomeViewController.storyboard in Resources */ = {isa = PBXBuildFile; fileRef = AF4E3CEF228455E100760406 /* HomeViewController.storyboard */; };
		AF4E3CF6228455E100760406 /* HomeViewController.swift in Sources */ = {isa = PBXBuildFile; fileRef = AF4E3CF0228455E100760406 /* HomeViewController.swift */; };
		AF4E3CF7228455E100760406 /* HomeDataProvider.swift in Sources */ = {isa = PBXBuildFile; fileRef = AF4E3CF1228455E100760406 /* HomeDataProvider.swift */; };
		AF4E3CF8228455E100760406 /* HomeWireframe.swift in Sources */ = {isa = PBXBuildFile; fileRef = AF4E3CF2228455E100760406 /* HomeWireframe.swift */; };
		AF4E3CFB2284560800760406 /* Actions.swift in Sources */ = {isa = PBXBuildFile; fileRef = AF4E3CFA2284560800760406 /* Actions.swift */; };
		AF4E3CFE228456C900760406 /* UIViewController+StoryboardInstantiable.swift in Sources */ = {isa = PBXBuildFile; fileRef = AF4E3CFD228456C900760406 /* UIViewController+StoryboardInstantiable.swift */; };
		AF4E3D00228456D200760406 /* Loadable.swift in Sources */ = {isa = PBXBuildFile; fileRef = AF4E3CFF228456D200760406 /* Loadable.swift */; };
/* End PBXBuildFile section */

/* Begin PBXContainerItemProxy section */
		AF4E3CC522844C2500760406 /* PBXContainerItemProxy */ = {
			isa = PBXContainerItemProxy;
			containerPortal = AF4E3CA822844C2200760406 /* Project object */;
			proxyType = 1;
			remoteGlobalIDString = AF4E3CAF22844C2200760406;
			remoteInfo = "Wefox Pokedex";
		};
		AF4E3CD022844C2500760406 /* PBXContainerItemProxy */ = {
			isa = PBXContainerItemProxy;
			containerPortal = AF4E3CA822844C2200760406 /* Project object */;
			proxyType = 1;
			remoteGlobalIDString = AF4E3CAF22844C2200760406;
			remoteInfo = "Wefox Pokedex";
		};
/* End PBXContainerItemProxy section */

/* Begin PBXFileReference section */
		0DC6D0EA05CEB4AD8B2B554A /* Pods-Wefox Pokedex.release.xcconfig */ = {isa = PBXFileReference; includeInIndex = 1; lastKnownFileType = text.xcconfig; name = "Pods-Wefox Pokedex.release.xcconfig"; path = "Target Support Files/Pods-Wefox Pokedex/Pods-Wefox Pokedex.release.xcconfig"; sourceTree = "<group>"; };
		1BF2C3C5FA7C2C063189DBEF /* Pods_Wefox_Pokedex.framework */ = {isa = PBXFileReference; explicitFileType = wrapper.framework; includeInIndex = 0; path = Pods_Wefox_Pokedex.framework; sourceTree = BUILT_PRODUCTS_DIR; };
		4A4F8EEC261CF2D9020F87F4 /* Pods_Wefox_PokedexTests.framework */ = {isa = PBXFileReference; explicitFileType = wrapper.framework; includeInIndex = 0; path = Pods_Wefox_PokedexTests.framework; sourceTree = BUILT_PRODUCTS_DIR; };
		51669CCE5C464B03B0C4687A /* Pods-Wefox PokedexUITests.debug.xcconfig */ = {isa = PBXFileReference; includeInIndex = 1; lastKnownFileType = text.xcconfig; name = "Pods-Wefox PokedexUITests.debug.xcconfig"; path = "Target Support Files/Pods-Wefox PokedexUITests/Pods-Wefox PokedexUITests.debug.xcconfig"; sourceTree = "<group>"; };
		7A15DF6D9B58F68114000054 /* Pods-Wefox Pokedex.debug.xcconfig */ = {isa = PBXFileReference; includeInIndex = 1; lastKnownFileType = text.xcconfig; name = "Pods-Wefox Pokedex.debug.xcconfig"; path = "Target Support Files/Pods-Wefox Pokedex/Pods-Wefox Pokedex.debug.xcconfig"; sourceTree = "<group>"; };
		9B1914BC9420D3C9B8BCAFED /* Pods-Wefox PokedexTests.debug.xcconfig */ = {isa = PBXFileReference; includeInIndex = 1; lastKnownFileType = text.xcconfig; name = "Pods-Wefox PokedexTests.debug.xcconfig"; path = "Target Support Files/Pods-Wefox PokedexTests/Pods-Wefox PokedexTests.debug.xcconfig"; sourceTree = "<group>"; };
		AF4E3CB022844C2200760406 /* Wefox Pokedex.app */ = {isa = PBXFileReference; explicitFileType = wrapper.application; includeInIndex = 0; path = "Wefox Pokedex.app"; sourceTree = BUILT_PRODUCTS_DIR; };
		AF4E3CB322844C2200760406 /* AppDelegate.swift */ = {isa = PBXFileReference; lastKnownFileType = sourcecode.swift; path = AppDelegate.swift; sourceTree = "<group>"; };
		AF4E3CB522844C2200760406 /* ViewController.swift */ = {isa = PBXFileReference; lastKnownFileType = sourcecode.swift; path = ViewController.swift; sourceTree = "<group>"; };
		AF4E3CB822844C2200760406 /* Base */ = {isa = PBXFileReference; lastKnownFileType = file.storyboard; name = Base; path = Base.lproj/Main.storyboard; sourceTree = "<group>"; };
		AF4E3CBA22844C2500760406 /* Assets.xcassets */ = {isa = PBXFileReference; lastKnownFileType = folder.assetcatalog; path = Assets.xcassets; sourceTree = "<group>"; };
		AF4E3CBD22844C2500760406 /* Base */ = {isa = PBXFileReference; lastKnownFileType = file.storyboard; name = Base; path = Base.lproj/LaunchScreen.storyboard; sourceTree = "<group>"; };
		AF4E3CBF22844C2500760406 /* Info.plist */ = {isa = PBXFileReference; lastKnownFileType = text.plist.xml; path = Info.plist; sourceTree = "<group>"; };
		AF4E3CC422844C2500760406 /* Wefox PokedexTests.xctest */ = {isa = PBXFileReference; explicitFileType = wrapper.cfbundle; includeInIndex = 0; path = "Wefox PokedexTests.xctest"; sourceTree = BUILT_PRODUCTS_DIR; };
		AF4E3CC822844C2500760406 /* Wefox_PokedexTests.swift */ = {isa = PBXFileReference; lastKnownFileType = sourcecode.swift; path = Wefox_PokedexTests.swift; sourceTree = "<group>"; };
		AF4E3CCA22844C2500760406 /* Info.plist */ = {isa = PBXFileReference; lastKnownFileType = text.plist.xml; path = Info.plist; sourceTree = "<group>"; };
		AF4E3CCF22844C2500760406 /* Wefox PokedexUITests.xctest */ = {isa = PBXFileReference; explicitFileType = wrapper.cfbundle; includeInIndex = 0; path = "Wefox PokedexUITests.xctest"; sourceTree = BUILT_PRODUCTS_DIR; };
		AF4E3CD322844C2500760406 /* Wefox_PokedexUITests.swift */ = {isa = PBXFileReference; lastKnownFileType = sourcecode.swift; path = Wefox_PokedexUITests.swift; sourceTree = "<group>"; };
		AF4E3CD522844C2500760406 /* Info.plist */ = {isa = PBXFileReference; lastKnownFileType = text.plist.xml; path = Info.plist; sourceTree = "<group>"; };
		AF4E3CE322844E8200760406 /* AppController.swift */ = {isa = PBXFileReference; lastKnownFileType = sourcecode.swift; path = AppController.swift; sourceTree = "<group>"; };
		AF4E3CE522844E8E00760406 /* Coordinator.swift */ = {isa = PBXFileReference; lastKnownFileType = sourcecode.swift; path = Coordinator.swift; sourceTree = "<group>"; };
		AF4E3CE722844E9900760406 /* DataProvider.swift */ = {isa = PBXFileReference; lastKnownFileType = sourcecode.swift; path = DataProvider.swift; sourceTree = "<group>"; };
		AF4E3CE922844EA700760406 /* AppData.swift */ = {isa = PBXFileReference; lastKnownFileType = sourcecode.swift; path = AppData.swift; sourceTree = "<group>"; };
		AF4E3CEB22844EB400760406 /* Constants.swift */ = {isa = PBXFileReference; lastKnownFileType = sourcecode.swift; path = Constants.swift; sourceTree = "<group>"; };
		AF4E3CED228455E100760406 /* HomeActions.swift */ = {isa = PBXFileReference; lastKnownFileType = sourcecode.swift; path = HomeActions.swift; sourceTree = "<group>"; };
		AF4E3CEE228455E100760406 /* HomePresenter.swift */ = {isa = PBXFileReference; lastKnownFileType = sourcecode.swift; path = HomePresenter.swift; sourceTree = "<group>"; };
		AF4E3CEF228455E100760406 /* HomeViewController.storyboard */ = {isa = PBXFileReference; lastKnownFileType = file.storyboard; path = HomeViewController.storyboard; sourceTree = "<group>"; };
		AF4E3CF0228455E100760406 /* HomeViewController.swift */ = {isa = PBXFileReference; lastKnownFileType = sourcecode.swift; path = HomeViewController.swift; sourceTree = "<group>"; };
		AF4E3CF1228455E100760406 /* HomeDataProvider.swift */ = {isa = PBXFileReference; lastKnownFileType = sourcecode.swift; path = HomeDataProvider.swift; sourceTree = "<group>"; };
		AF4E3CF2228455E100760406 /* HomeWireframe.swift */ = {isa = PBXFileReference; lastKnownFileType = sourcecode.swift; path = HomeWireframe.swift; sourceTree = "<group>"; };
		AF4E3CFA2284560800760406 /* Actions.swift */ = {isa = PBXFileReference; lastKnownFileType = sourcecode.swift; path = Actions.swift; sourceTree = "<group>"; };
		AF4E3CFD228456C900760406 /* UIViewController+StoryboardInstantiable.swift */ = {isa = PBXFileReference; fileEncoding = 4; lastKnownFileType = sourcecode.swift; path = "UIViewController+StoryboardInstantiable.swift"; sourceTree = "<group>"; };
		AF4E3CFF228456D200760406 /* Loadable.swift */ = {isa = PBXFileReference; fileEncoding = 4; lastKnownFileType = sourcecode.swift; path = Loadable.swift; sourceTree = "<group>"; };
		C8B78A14EDC1A0E65C57E59B /* Pods_Wefox_PokedexUITests.framework */ = {isa = PBXFileReference; explicitFileType = wrapper.framework; includeInIndex = 0; path = Pods_Wefox_PokedexUITests.framework; sourceTree = BUILT_PRODUCTS_DIR; };
		DA1B308C39390A11EEF4B44C /* Pods-Wefox PokedexUITests.release.xcconfig */ = {isa = PBXFileReference; includeInIndex = 1; lastKnownFileType = text.xcconfig; name = "Pods-Wefox PokedexUITests.release.xcconfig"; path = "Target Support Files/Pods-Wefox PokedexUITests/Pods-Wefox PokedexUITests.release.xcconfig"; sourceTree = "<group>"; };
		FA10289127BDE80E2E3783EE /* Pods-Wefox PokedexTests.release.xcconfig */ = {isa = PBXFileReference; includeInIndex = 1; lastKnownFileType = text.xcconfig; name = "Pods-Wefox PokedexTests.release.xcconfig"; path = "Target Support Files/Pods-Wefox PokedexTests/Pods-Wefox PokedexTests.release.xcconfig"; sourceTree = "<group>"; };
/* End PBXFileReference section */

/* Begin PBXFrameworksBuildPhase section */
		AF4E3CAD22844C2200760406 /* Frameworks */ = {
			isa = PBXFrameworksBuildPhase;
			buildActionMask = 2147483647;
			files = (
				2A9297AFCA0DC4349A27323B /* Pods_Wefox_Pokedex.framework in Frameworks */,
			);
			runOnlyForDeploymentPostprocessing = 0;
		};
		AF4E3CC122844C2500760406 /* Frameworks */ = {
			isa = PBXFrameworksBuildPhase;
			buildActionMask = 2147483647;
			files = (
				172444E92E3BDE1AC29CD59E /* Pods_Wefox_PokedexTests.framework in Frameworks */,
			);
			runOnlyForDeploymentPostprocessing = 0;
		};
		AF4E3CCC22844C2500760406 /* Frameworks */ = {
			isa = PBXFrameworksBuildPhase;
			buildActionMask = 2147483647;
			files = (
				A4F5885C18D2D7ACA66AAE2B /* Pods_Wefox_PokedexUITests.framework in Frameworks */,
			);
			runOnlyForDeploymentPostprocessing = 0;
		};
/* End PBXFrameworksBuildPhase section */

/* Begin PBXGroup section */
		2075F3CE29FE6FD405D745C8 /* Frameworks */ = {
			isa = PBXGroup;
			children = (
				1BF2C3C5FA7C2C063189DBEF /* Pods_Wefox_Pokedex.framework */,
				4A4F8EEC261CF2D9020F87F4 /* Pods_Wefox_PokedexTests.framework */,
				C8B78A14EDC1A0E65C57E59B /* Pods_Wefox_PokedexUITests.framework */,
			);
			name = Frameworks;
			sourceTree = "<group>";
		};
		3E361F3BD2E8D5B06E86BC0E /* Pods */ = {
			isa = PBXGroup;
			children = (
				7A15DF6D9B58F68114000054 /* Pods-Wefox Pokedex.debug.xcconfig */,
				0DC6D0EA05CEB4AD8B2B554A /* Pods-Wefox Pokedex.release.xcconfig */,
				9B1914BC9420D3C9B8BCAFED /* Pods-Wefox PokedexTests.debug.xcconfig */,
				FA10289127BDE80E2E3783EE /* Pods-Wefox PokedexTests.release.xcconfig */,
				51669CCE5C464B03B0C4687A /* Pods-Wefox PokedexUITests.debug.xcconfig */,
				DA1B308C39390A11EEF4B44C /* Pods-Wefox PokedexUITests.release.xcconfig */,
			);
			path = Pods;
			sourceTree = "<group>";
		};
		AF4E3CA722844C2200760406 = {
			isa = PBXGroup;
			children = (
				AF4E3CB222844C2200760406 /* Wefox Pokedex */,
				AF4E3CC722844C2500760406 /* Wefox PokedexTests */,
				AF4E3CD222844C2500760406 /* Wefox PokedexUITests */,
				AF4E3CB122844C2200760406 /* Products */,
				3E361F3BD2E8D5B06E86BC0E /* Pods */,
				2075F3CE29FE6FD405D745C8 /* Frameworks */,
			);
			sourceTree = "<group>";
		};
		AF4E3CB122844C2200760406 /* Products */ = {
			isa = PBXGroup;
			children = (
				AF4E3CB022844C2200760406 /* Wefox Pokedex.app */,
				AF4E3CC422844C2500760406 /* Wefox PokedexTests.xctest */,
				AF4E3CCF22844C2500760406 /* Wefox PokedexUITests.xctest */,
			);
			name = Products;
			sourceTree = "<group>";
		};
		AF4E3CB222844C2200760406 /* Wefox Pokedex */ = {
			isa = PBXGroup;
			children = (
				AF4E3CFC228456BC00760406 /* Extensions */,
				AF4E3CE222844E6800760406 /* Scenes */,
				AF4E3CE122844E5600760406 /* Core */,
				AF4E3CB522844C2200760406 /* ViewController.swift */,
				AF4E3CB722844C2200760406 /* Main.storyboard */,
				AF4E3CBA22844C2500760406 /* Assets.xcassets */,
				AF4E3CBC22844C2500760406 /* LaunchScreen.storyboard */,
				AF4E3CBF22844C2500760406 /* Info.plist */,
			);
			path = "Wefox Pokedex";
			sourceTree = "<group>";
		};
		AF4E3CC722844C2500760406 /* Wefox PokedexTests */ = {
			isa = PBXGroup;
			children = (
				AF4E3CC822844C2500760406 /* Wefox_PokedexTests.swift */,
				AF4E3CCA22844C2500760406 /* Info.plist */,
			);
			path = "Wefox PokedexTests";
			sourceTree = "<group>";
		};
		AF4E3CD222844C2500760406 /* Wefox PokedexUITests */ = {
			isa = PBXGroup;
			children = (
				AF4E3CD322844C2500760406 /* Wefox_PokedexUITests.swift */,
				AF4E3CD522844C2500760406 /* Info.plist */,
			);
			path = "Wefox PokedexUITests";
			sourceTree = "<group>";
		};
		AF4E3CE122844E5600760406 /* Core */ = {
			isa = PBXGroup;
			children = (
				AF4E3CB322844C2200760406 /* AppDelegate.swift */,
				AF4E3CE322844E8200760406 /* AppController.swift */,
				AF4E3CE522844E8E00760406 /* Coordinator.swift */,
				AF4E3CE722844E9900760406 /* DataProvider.swift */,
				AF4E3CE922844EA700760406 /* AppData.swift */,
				AF4E3CEB22844EB400760406 /* Constants.swift */,
				AF4E3CFA2284560800760406 /* Actions.swift */,
			);
			path = Core;
			sourceTree = "<group>";
		};
		AF4E3CE222844E6800760406 /* Scenes */ = {
			isa = PBXGroup;
			children = (
				AF4E3CF9228455E800760406 /* Home Scene */,
			);
			path = Scenes;
			sourceTree = "<group>";
		};
		AF4E3CF9228455E800760406 /* Home Scene */ = {
			isa = PBXGroup;
			children = (
				AF4E3CED228455E100760406 /* HomeActions.swift */,
				AF4E3CEE228455E100760406 /* HomePresenter.swift */,
				AF4E3CEF228455E100760406 /* HomeViewController.storyboard */,
				AF4E3CF0228455E100760406 /* HomeViewController.swift */,
				AF4E3CF1228455E100760406 /* HomeDataProvider.swift */,
				AF4E3CF2228455E100760406 /* HomeWireframe.swift */,
			);
			path = "Home Scene";
			sourceTree = "<group>";
		};
		AF4E3CFC228456BC00760406 /* Extensions */ = {
			isa = PBXGroup;
			children = (
				AF4E3CFF228456D200760406 /* Loadable.swift */,
				AF4E3CFD228456C900760406 /* UIViewController+StoryboardInstantiable.swift */,
			);
			path = Extensions;
			sourceTree = "<group>";
		};
/* End PBXGroup section */

/* Begin PBXNativeTarget section */
		AF4E3CAF22844C2200760406 /* Wefox Pokedex */ = {
			isa = PBXNativeTarget;
			buildConfigurationList = AF4E3CD822844C2500760406 /* Build configuration list for PBXNativeTarget "Wefox Pokedex" */;
			buildPhases = (
				016E1B0E74C65FD1A33B7E6B /* [CP] Check Pods Manifest.lock */,
				AF4E3CAC22844C2200760406 /* Sources */,
				AF4E3CAD22844C2200760406 /* Frameworks */,
				AF4E3CAE22844C2200760406 /* Resources */,
				2C9900AB7E5D058D08D7512D /* [CP] Embed Pods Frameworks */,
			);
			buildRules = (
			);
			dependencies = (
			);
			name = "Wefox Pokedex";
			productName = "Wefox Pokedex";
			productReference = AF4E3CB022844C2200760406 /* Wefox Pokedex.app */;
			productType = "com.apple.product-type.application";
		};
		AF4E3CC322844C2500760406 /* Wefox PokedexTests */ = {
			isa = PBXNativeTarget;
			buildConfigurationList = AF4E3CDB22844C2500760406 /* Build configuration list for PBXNativeTarget "Wefox PokedexTests" */;
			buildPhases = (
				CD53A41FF532EE324E9E726E /* [CP] Check Pods Manifest.lock */,
				AF4E3CC022844C2500760406 /* Sources */,
				AF4E3CC122844C2500760406 /* Frameworks */,
				AF4E3CC222844C2500760406 /* Resources */,
			);
			buildRules = (
			);
			dependencies = (
				AF4E3CC622844C2500760406 /* PBXTargetDependency */,
			);
			name = "Wefox PokedexTests";
			productName = "Wefox PokedexTests";
			productReference = AF4E3CC422844C2500760406 /* Wefox PokedexTests.xctest */;
			productType = "com.apple.product-type.bundle.unit-test";
		};
		AF4E3CCE22844C2500760406 /* Wefox PokedexUITests */ = {
			isa = PBXNativeTarget;
			buildConfigurationList = AF4E3CDE22844C2500760406 /* Build configuration list for PBXNativeTarget "Wefox PokedexUITests" */;
			buildPhases = (
				C9036567B9FB556BB8E550AA /* [CP] Check Pods Manifest.lock */,
				AF4E3CCB22844C2500760406 /* Sources */,
				AF4E3CCC22844C2500760406 /* Frameworks */,
				AF4E3CCD22844C2500760406 /* Resources */,
			);
			buildRules = (
			);
			dependencies = (
				AF4E3CD122844C2500760406 /* PBXTargetDependency */,
			);
			name = "Wefox PokedexUITests";
			productName = "Wefox PokedexUITests";
			productReference = AF4E3CCF22844C2500760406 /* Wefox PokedexUITests.xctest */;
			productType = "com.apple.product-type.bundle.ui-testing";
		};
/* End PBXNativeTarget section */

/* Begin PBXProject section */
		AF4E3CA822844C2200760406 /* Project object */ = {
			isa = PBXProject;
			attributes = {
				LastSwiftUpdateCheck = 1020;
				LastUpgradeCheck = 1020;
				ORGANIZATIONNAME = Sonomos;
				TargetAttributes = {
					AF4E3CAF22844C2200760406 = {
						CreatedOnToolsVersion = 10.2.1;
					};
					AF4E3CC322844C2500760406 = {
						CreatedOnToolsVersion = 10.2.1;
						TestTargetID = AF4E3CAF22844C2200760406;
					};
					AF4E3CCE22844C2500760406 = {
						CreatedOnToolsVersion = 10.2.1;
						TestTargetID = AF4E3CAF22844C2200760406;
					};
				};
			};
			buildConfigurationList = AF4E3CAB22844C2200760406 /* Build configuration list for PBXProject "Wefox Pokedex" */;
			compatibilityVersion = "Xcode 9.3";
			developmentRegion = en;
			hasScannedForEncodings = 0;
			knownRegions = (
				en,
				Base,
			);
			mainGroup = AF4E3CA722844C2200760406;
			productRefGroup = AF4E3CB122844C2200760406 /* Products */;
			projectDirPath = "";
			projectRoot = "";
			targets = (
				AF4E3CAF22844C2200760406 /* Wefox Pokedex */,
				AF4E3CC322844C2500760406 /* Wefox PokedexTests */,
				AF4E3CCE22844C2500760406 /* Wefox PokedexUITests */,
			);
		};
/* End PBXProject section */

/* Begin PBXResourcesBuildPhase section */
		AF4E3CAE22844C2200760406 /* Resources */ = {
			isa = PBXResourcesBuildPhase;
			buildActionMask = 2147483647;
			files = (
				AF4E3CF5228455E100760406 /* HomeViewController.storyboard in Resources */,
				AF4E3CBE22844C2500760406 /* LaunchScreen.storyboard in Resources */,
				AF4E3CBB22844C2500760406 /* Assets.xcassets in Resources */,
				AF4E3CB922844C2200760406 /* Main.storyboard in Resources */,
			);
			runOnlyForDeploymentPostprocessing = 0;
		};
		AF4E3CC222844C2500760406 /* Resources */ = {
			isa = PBXResourcesBuildPhase;
			buildActionMask = 2147483647;
			files = (
			);
			runOnlyForDeploymentPostprocessing = 0;
		};
		AF4E3CCD22844C2500760406 /* Resources */ = {
			isa = PBXResourcesBuildPhase;
			buildActionMask = 2147483647;
			files = (
			);
			runOnlyForDeploymentPostprocessing = 0;
		};
/* End PBXResourcesBuildPhase section */

/* Begin PBXShellScriptBuildPhase section */
		016E1B0E74C65FD1A33B7E6B /* [CP] Check Pods Manifest.lock */ = {
			isa = PBXShellScriptBuildPhase;
			buildActionMask = 2147483647;
			files = (
			);
			inputFileListPaths = (
			);
			inputPaths = (
				"${PODS_PODFILE_DIR_PATH}/Podfile.lock",
				"${PODS_ROOT}/Manifest.lock",
			);
			name = "[CP] Check Pods Manifest.lock";
			outputFileListPaths = (
			);
			outputPaths = (
				"$(DERIVED_FILE_DIR)/Pods-Wefox Pokedex-checkManifestLockResult.txt",
			);
			runOnlyForDeploymentPostprocessing = 0;
			shellPath = /bin/sh;
			shellScript = "diff \"${PODS_PODFILE_DIR_PATH}/Podfile.lock\" \"${PODS_ROOT}/Manifest.lock\" > /dev/null\nif [ $? != 0 ] ; then\n    # print error to STDERR\n    echo \"error: The sandbox is not in sync with the Podfile.lock. Run 'pod install' or update your CocoaPods installation.\" >&2\n    exit 1\nfi\n# This output is used by Xcode 'outputs' to avoid re-running this script phase.\necho \"SUCCESS\" > \"${SCRIPT_OUTPUT_FILE_0}\"\n";
			showEnvVarsInLog = 0;
		};
		2C9900AB7E5D058D08D7512D /* [CP] Embed Pods Frameworks */ = {
			isa = PBXShellScriptBuildPhase;
			buildActionMask = 2147483647;
			files = (
			);
			inputFileListPaths = (
			);
			inputPaths = (
				"${PODS_ROOT}/Target Support Files/Pods-Wefox Pokedex/Pods-Wefox Pokedex-frameworks.sh",
				"${BUILT_PRODUCTS_DIR}/Alamofire/Alamofire.framework",
				"${BUILT_PRODUCTS_DIR}/Haneke/Haneke.framework",
				"${BUILT_PRODUCTS_DIR}/JGProgressHUD/JGProgressHUD.framework",
				"${BUILT_PRODUCTS_DIR}/Moya/Moya.framework",
				"${BUILT_PRODUCTS_DIR}/Result/Result.framework",
			);
			name = "[CP] Embed Pods Frameworks";
			outputFileListPaths = (
			);
			outputPaths = (
				"${TARGET_BUILD_DIR}/${FRAMEWORKS_FOLDER_PATH}/Alamofire.framework",
				"${TARGET_BUILD_DIR}/${FRAMEWORKS_FOLDER_PATH}/Haneke.framework",
				"${TARGET_BUILD_DIR}/${FRAMEWORKS_FOLDER_PATH}/JGProgressHUD.framework",
				"${TARGET_BUILD_DIR}/${FRAMEWORKS_FOLDER_PATH}/Moya.framework",
				"${TARGET_BUILD_DIR}/${FRAMEWORKS_FOLDER_PATH}/Result.framework",
			);
			runOnlyForDeploymentPostprocessing = 0;
			shellPath = /bin/sh;
			shellScript = "\"${PODS_ROOT}/Target Support Files/Pods-Wefox Pokedex/Pods-Wefox Pokedex-frameworks.sh\"\n";
			showEnvVarsInLog = 0;
		};
		C9036567B9FB556BB8E550AA /* [CP] Check Pods Manifest.lock */ = {
			isa = PBXShellScriptBuildPhase;
			buildActionMask = 2147483647;
			files = (
			);
			inputFileListPaths = (
			);
			inputPaths = (
				"${PODS_PODFILE_DIR_PATH}/Podfile.lock",
				"${PODS_ROOT}/Manifest.lock",
			);
			name = "[CP] Check Pods Manifest.lock";
			outputFileListPaths = (
			);
			outputPaths = (
				"$(DERIVED_FILE_DIR)/Pods-Wefox PokedexUITests-checkManifestLockResult.txt",
			);
			runOnlyForDeploymentPostprocessing = 0;
			shellPath = /bin/sh;
			shellScript = "diff \"${PODS_PODFILE_DIR_PATH}/Podfile.lock\" \"${PODS_ROOT}/Manifest.lock\" > /dev/null\nif [ $? != 0 ] ; then\n    # print error to STDERR\n    echo \"error: The sandbox is not in sync with the Podfile.lock. Run 'pod install' or update your CocoaPods installation.\" >&2\n    exit 1\nfi\n# This output is used by Xcode 'outputs' to avoid re-running this script phase.\necho \"SUCCESS\" > \"${SCRIPT_OUTPUT_FILE_0}\"\n";
			showEnvVarsInLog = 0;
		};
		CD53A41FF532EE324E9E726E /* [CP] Check Pods Manifest.lock */ = {
			isa = PBXShellScriptBuildPhase;
			buildActionMask = 2147483647;
			files = (
			);
			inputFileListPaths = (
			);
			inputPaths = (
				"${PODS_PODFILE_DIR_PATH}/Podfile.lock",
				"${PODS_ROOT}/Manifest.lock",
			);
			name = "[CP] Check Pods Manifest.lock";
			outputFileListPaths = (
			);
			outputPaths = (
				"$(DERIVED_FILE_DIR)/Pods-Wefox PokedexTests-checkManifestLockResult.txt",
			);
			runOnlyForDeploymentPostprocessing = 0;
			shellPath = /bin/sh;
			shellScript = "diff \"${PODS_PODFILE_DIR_PATH}/Podfile.lock\" \"${PODS_ROOT}/Manifest.lock\" > /dev/null\nif [ $? != 0 ] ; then\n    # print error to STDERR\n    echo \"error: The sandbox is not in sync with the Podfile.lock. Run 'pod install' or update your CocoaPods installation.\" >&2\n    exit 1\nfi\n# This output is used by Xcode 'outputs' to avoid re-running this script phase.\necho \"SUCCESS\" > \"${SCRIPT_OUTPUT_FILE_0}\"\n";
			showEnvVarsInLog = 0;
		};
/* End PBXShellScriptBuildPhase section */

/* Begin PBXSourcesBuildPhase section */
		AF4E3CAC22844C2200760406 /* Sources */ = {
			isa = PBXSourcesBuildPhase;
			buildActionMask = 2147483647;
			files = (
				AF4E3CE622844E8E00760406 /* Coordinator.swift in Sources */,
				AF4E3CFB2284560800760406 /* Actions.swift in Sources */,
				AF4E3CB622844C2200760406 /* ViewController.swift in Sources */,
				AF4E3CE822844E9900760406 /* DataProvider.swift in Sources */,
				AF4E3CB422844C2200760406 /* AppDelegate.swift in Sources */,
				AF4E3CEC22844EB400760406 /* Constants.swift in Sources */,
				AF4E3CF8228455E100760406 /* HomeWireframe.swift in Sources */,
				AF4E3CFE228456C900760406 /* UIViewController+StoryboardInstantiable.swift in Sources */,
				AF4E3CF6228455E100760406 /* HomeViewController.swift in Sources */,
				AF4E3CE422844E8200760406 /* AppController.swift in Sources */,
				AF4E3CF4228455E100760406 /* HomePresenter.swift in Sources */,
				AF4E3CF3228455E100760406 /* HomeActions.swift in Sources */,
				AF4E3CEA22844EA700760406 /* AppData.swift in Sources */,
				AF4E3CF7228455E100760406 /* HomeDataProvider.swift in Sources */,
				AF4E3D00228456D200760406 /* Loadable.swift in Sources */,
			);
			runOnlyForDeploymentPostprocessing = 0;
		};
		AF4E3CC022844C2500760406 /* Sources */ = {
			isa = PBXSourcesBuildPhase;
			buildActionMask = 2147483647;
			files = (
				AF4E3CC922844C2500760406 /* Wefox_PokedexTests.swift in Sources */,
			);
			runOnlyForDeploymentPostprocessing = 0;
		};
		AF4E3CCB22844C2500760406 /* Sources */ = {
			isa = PBXSourcesBuildPhase;
			buildActionMask = 2147483647;
			files = (
				AF4E3CD422844C2500760406 /* Wefox_PokedexUITests.swift in Sources */,
			);
			runOnlyForDeploymentPostprocessing = 0;
		};
/* End PBXSourcesBuildPhase section */

/* Begin PBXTargetDependency section */
		AF4E3CC622844C2500760406 /* PBXTargetDependency */ = {
			isa = PBXTargetDependency;
			target = AF4E3CAF22844C2200760406 /* Wefox Pokedex */;
			targetProxy = AF4E3CC522844C2500760406 /* PBXContainerItemProxy */;
		};
		AF4E3CD122844C2500760406 /* PBXTargetDependency */ = {
			isa = PBXTargetDependency;
			target = AF4E3CAF22844C2200760406 /* Wefox Pokedex */;
			targetProxy = AF4E3CD022844C2500760406 /* PBXContainerItemProxy */;
		};
/* End PBXTargetDependency section */

/* Begin PBXVariantGroup section */
		AF4E3CB722844C2200760406 /* Main.storyboard */ = {
			isa = PBXVariantGroup;
			children = (
				AF4E3CB822844C2200760406 /* Base */,
			);
			name = Main.storyboard;
			sourceTree = "<group>";
		};
		AF4E3CBC22844C2500760406 /* LaunchScreen.storyboard */ = {
			isa = PBXVariantGroup;
			children = (
				AF4E3CBD22844C2500760406 /* Base */,
			);
			name = LaunchScreen.storyboard;
			sourceTree = "<group>";
		};
/* End PBXVariantGroup section */

/* Begin XCBuildConfiguration section */
		AF4E3CD622844C2500760406 /* Debug */ = {
			isa = XCBuildConfiguration;
			buildSettings = {
				ALWAYS_SEARCH_USER_PATHS = NO;
				CLANG_ANALYZER_NONNULL = YES;
				CLANG_ANALYZER_NUMBER_OBJECT_CONVERSION = YES_AGGRESSIVE;
				CLANG_CXX_LANGUAGE_STANDARD = "gnu++14";
				CLANG_CXX_LIBRARY = "libc++";
				CLANG_ENABLE_MODULES = YES;
				CLANG_ENABLE_OBJC_ARC = YES;
				CLANG_ENABLE_OBJC_WEAK = YES;
				CLANG_WARN_BLOCK_CAPTURE_AUTORELEASING = YES;
				CLANG_WARN_BOOL_CONVERSION = YES;
				CLANG_WARN_COMMA = YES;
				CLANG_WARN_CONSTANT_CONVERSION = YES;
				CLANG_WARN_DEPRECATED_OBJC_IMPLEMENTATIONS = YES;
				CLANG_WARN_DIRECT_OBJC_ISA_USAGE = YES_ERROR;
				CLANG_WARN_DOCUMENTATION_COMMENTS = YES;
				CLANG_WARN_EMPTY_BODY = YES;
				CLANG_WARN_ENUM_CONVERSION = YES;
				CLANG_WARN_INFINITE_RECURSION = YES;
				CLANG_WARN_INT_CONVERSION = YES;
				CLANG_WARN_NON_LITERAL_NULL_CONVERSION = YES;
				CLANG_WARN_OBJC_IMPLICIT_RETAIN_SELF = YES;
				CLANG_WARN_OBJC_LITERAL_CONVERSION = YES;
				CLANG_WARN_OBJC_ROOT_CLASS = YES_ERROR;
				CLANG_WARN_RANGE_LOOP_ANALYSIS = YES;
				CLANG_WARN_STRICT_PROTOTYPES = YES;
				CLANG_WARN_SUSPICIOUS_MOVE = YES;
				CLANG_WARN_UNGUARDED_AVAILABILITY = YES_AGGRESSIVE;
				CLANG_WARN_UNREACHABLE_CODE = YES;
				CLANG_WARN__DUPLICATE_METHOD_MATCH = YES;
				CODE_SIGN_IDENTITY = "iPhone Developer";
				COPY_PHASE_STRIP = NO;
				DEBUG_INFORMATION_FORMAT = dwarf;
				ENABLE_STRICT_OBJC_MSGSEND = YES;
				ENABLE_TESTABILITY = YES;
				GCC_C_LANGUAGE_STANDARD = gnu11;
				GCC_DYNAMIC_NO_PIC = NO;
				GCC_NO_COMMON_BLOCKS = YES;
				GCC_OPTIMIZATION_LEVEL = 0;
				GCC_PREPROCESSOR_DEFINITIONS = (
					"DEBUG=1",
					"$(inherited)",
				);
				GCC_WARN_64_TO_32_BIT_CONVERSION = YES;
				GCC_WARN_ABOUT_RETURN_TYPE = YES_ERROR;
				GCC_WARN_UNDECLARED_SELECTOR = YES;
				GCC_WARN_UNINITIALIZED_AUTOS = YES_AGGRESSIVE;
				GCC_WARN_UNUSED_FUNCTION = YES;
				GCC_WARN_UNUSED_VARIABLE = YES;
				IPHONEOS_DEPLOYMENT_TARGET = 12.2;
				MTL_ENABLE_DEBUG_INFO = INCLUDE_SOURCE;
				MTL_FAST_MATH = YES;
				ONLY_ACTIVE_ARCH = YES;
				SDKROOT = iphoneos;
				SWIFT_ACTIVE_COMPILATION_CONDITIONS = DEBUG;
				SWIFT_OPTIMIZATION_LEVEL = "-Onone";
			};
			name = Debug;
		};
		AF4E3CD722844C2500760406 /* Release */ = {
			isa = XCBuildConfiguration;
			buildSettings = {
				ALWAYS_SEARCH_USER_PATHS = NO;
				CLANG_ANALYZER_NONNULL = YES;
				CLANG_ANALYZER_NUMBER_OBJECT_CONVERSION = YES_AGGRESSIVE;
				CLANG_CXX_LANGUAGE_STANDARD = "gnu++14";
				CLANG_CXX_LIBRARY = "libc++";
				CLANG_ENABLE_MODULES = YES;
				CLANG_ENABLE_OBJC_ARC = YES;
				CLANG_ENABLE_OBJC_WEAK = YES;
				CLANG_WARN_BLOCK_CAPTURE_AUTORELEASING = YES;
				CLANG_WARN_BOOL_CONVERSION = YES;
				CLANG_WARN_COMMA = YES;
				CLANG_WARN_CONSTANT_CONVERSION = YES;
				CLANG_WARN_DEPRECATED_OBJC_IMPLEMENTATIONS = YES;
				CLANG_WARN_DIRECT_OBJC_ISA_USAGE = YES_ERROR;
				CLANG_WARN_DOCUMENTATION_COMMENTS = YES;
				CLANG_WARN_EMPTY_BODY = YES;
				CLANG_WARN_ENUM_CONVERSION = YES;
				CLANG_WARN_INFINITE_RECURSION = YES;
				CLANG_WARN_INT_CONVERSION = YES;
				CLANG_WARN_NON_LITERAL_NULL_CONVERSION = YES;
				CLANG_WARN_OBJC_IMPLICIT_RETAIN_SELF = YES;
				CLANG_WARN_OBJC_LITERAL_CONVERSION = YES;
				CLANG_WARN_OBJC_ROOT_CLASS = YES_ERROR;
				CLANG_WARN_RANGE_LOOP_ANALYSIS = YES;
				CLANG_WARN_STRICT_PROTOTYPES = YES;
				CLANG_WARN_SUSPICIOUS_MOVE = YES;
				CLANG_WARN_UNGUARDED_AVAILABILITY = YES_AGGRESSIVE;
				CLANG_WARN_UNREACHABLE_CODE = YES;
				CLANG_WARN__DUPLICATE_METHOD_MATCH = YES;
				CODE_SIGN_IDENTITY = "iPhone Developer";
				COPY_PHASE_STRIP = NO;
				DEBUG_INFORMATION_FORMAT = "dwarf-with-dsym";
				ENABLE_NS_ASSERTIONS = NO;
				ENABLE_STRICT_OBJC_MSGSEND = YES;
				GCC_C_LANGUAGE_STANDARD = gnu11;
				GCC_NO_COMMON_BLOCKS = YES;
				GCC_WARN_64_TO_32_BIT_CONVERSION = YES;
				GCC_WARN_ABOUT_RETURN_TYPE = YES_ERROR;
				GCC_WARN_UNDECLARED_SELECTOR = YES;
				GCC_WARN_UNINITIALIZED_AUTOS = YES_AGGRESSIVE;
				GCC_WARN_UNUSED_FUNCTION = YES;
				GCC_WARN_UNUSED_VARIABLE = YES;
				IPHONEOS_DEPLOYMENT_TARGET = 12.2;
				MTL_ENABLE_DEBUG_INFO = NO;
				MTL_FAST_MATH = YES;
				SDKROOT = iphoneos;
				SWIFT_COMPILATION_MODE = wholemodule;
				SWIFT_OPTIMIZATION_LEVEL = "-O";
				VALIDATE_PRODUCT = YES;
			};
			name = Release;
		};
		AF4E3CD922844C2500760406 /* Debug */ = {
			isa = XCBuildConfiguration;
			baseConfigurationReference = 7A15DF6D9B58F68114000054 /* Pods-Wefox Pokedex.debug.xcconfig */;
			buildSettings = {
				ASSETCATALOG_COMPILER_APPICON_NAME = AppIcon;
				CODE_SIGN_STYLE = Automatic;
				DEVELOPMENT_TEAM = MNZD883YQL;
				INFOPLIST_FILE = "Wefox Pokedex/Info.plist";
				LD_RUNPATH_SEARCH_PATHS = (
					"$(inherited)",
					"@executable_path/Frameworks",
				);
				PRODUCT_BUNDLE_IDENTIFIER = "com.sonomos.Wefox-Pokedex";
				PRODUCT_NAME = "$(TARGET_NAME)";
				SWIFT_VERSION = 5.0;
				TARGETED_DEVICE_FAMILY = 1;
			};
			name = Debug;
		};
		AF4E3CDA22844C2500760406 /* Release */ = {
			isa = XCBuildConfiguration;
			baseConfigurationReference = 0DC6D0EA05CEB4AD8B2B554A /* Pods-Wefox Pokedex.release.xcconfig */;
			buildSettings = {
				ASSETCATALOG_COMPILER_APPICON_NAME = AppIcon;
				CODE_SIGN_STYLE = Automatic;
				DEVELOPMENT_TEAM = MNZD883YQL;
				INFOPLIST_FILE = "Wefox Pokedex/Info.plist";
				LD_RUNPATH_SEARCH_PATHS = (
					"$(inherited)",
					"@executable_path/Frameworks",
				);
				PRODUCT_BUNDLE_IDENTIFIER = "com.sonomos.Wefox-Pokedex";
				PRODUCT_NAME = "$(TARGET_NAME)";
				SWIFT_VERSION = 5.0;
				TARGETED_DEVICE_FAMILY = 1;
			};
			name = Release;
		};
		AF4E3CDC22844C2500760406 /* Debug */ = {
			isa = XCBuildConfiguration;
			baseConfigurationReference = 9B1914BC9420D3C9B8BCAFED /* Pods-Wefox PokedexTests.debug.xcconfig */;
			buildSettings = {
				ALWAYS_EMBED_SWIFT_STANDARD_LIBRARIES = YES;
				BUNDLE_LOADER = "$(TEST_HOST)";
				CODE_SIGN_STYLE = Automatic;
				DEVELOPMENT_TEAM = MNZD883YQL;
				INFOPLIST_FILE = "Wefox PokedexTests/Info.plist";
				LD_RUNPATH_SEARCH_PATHS = (
					"$(inherited)",
					"@executable_path/Frameworks",
					"@loader_path/Frameworks",
				);
				PRODUCT_BUNDLE_IDENTIFIER = "com.sonomos.Wefox-PokedexTests";
				PRODUCT_NAME = "$(TARGET_NAME)";
				SWIFT_VERSION = 5.0;
				TARGETED_DEVICE_FAMILY = "1,2";
				TEST_HOST = "$(BUILT_PRODUCTS_DIR)/Wefox Pokedex.app/Wefox Pokedex";
			};
			name = Debug;
		};
		AF4E3CDD22844C2500760406 /* Release */ = {
			isa = XCBuildConfiguration;
			baseConfigurationReference = FA10289127BDE80E2E3783EE /* Pods-Wefox PokedexTests.release.xcconfig */;
			buildSettings = {
				ALWAYS_EMBED_SWIFT_STANDARD_LIBRARIES = YES;
				BUNDLE_LOADER = "$(TEST_HOST)";
				CODE_SIGN_STYLE = Automatic;
				DEVELOPMENT_TEAM = MNZD883YQL;
				INFOPLIST_FILE = "Wefox PokedexTests/Info.plist";
				LD_RUNPATH_SEARCH_PATHS = (
					"$(inherited)",
					"@executable_path/Frameworks",
					"@loader_path/Frameworks",
				);
				PRODUCT_BUNDLE_IDENTIFIER = "com.sonomos.Wefox-PokedexTests";
				PRODUCT_NAME = "$(TARGET_NAME)";
				SWIFT_VERSION = 5.0;
				TARGETED_DEVICE_FAMILY = "1,2";
				TEST_HOST = "$(BUILT_PRODUCTS_DIR)/Wefox Pokedex.app/Wefox Pokedex";
			};
			name = Release;
		};
		AF4E3CDF22844C2500760406 /* Debug */ = {
			isa = XCBuildConfiguration;
			baseConfigurationReference = 51669CCE5C464B03B0C4687A /* Pods-Wefox PokedexUITests.debug.xcconfig */;
			buildSettings = {
				ALWAYS_EMBED_SWIFT_STANDARD_LIBRARIES = YES;
				CODE_SIGN_STYLE = Automatic;
				DEVELOPMENT_TEAM = MNZD883YQL;
				INFOPLIST_FILE = "Wefox PokedexUITests/Info.plist";
				LD_RUNPATH_SEARCH_PATHS = (
					"$(inherited)",
					"@executable_path/Frameworks",
					"@loader_path/Frameworks",
				);
				PRODUCT_BUNDLE_IDENTIFIER = "com.sonomos.Wefox-PokedexUITests";
				PRODUCT_NAME = "$(TARGET_NAME)";
				SWIFT_VERSION = 5.0;
				TARGETED_DEVICE_FAMILY = "1,2";
				TEST_TARGET_NAME = "Wefox Pokedex";
			};
			name = Debug;
		};
		AF4E3CE022844C2500760406 /* Release */ = {
			isa = XCBuildConfiguration;
			baseConfigurationReference = DA1B308C39390A11EEF4B44C /* Pods-Wefox PokedexUITests.release.xcconfig */;
			buildSettings = {
				ALWAYS_EMBED_SWIFT_STANDARD_LIBRARIES = YES;
				CODE_SIGN_STYLE = Automatic;
				DEVELOPMENT_TEAM = MNZD883YQL;
				INFOPLIST_FILE = "Wefox PokedexUITests/Info.plist";
				LD_RUNPATH_SEARCH_PATHS = (
					"$(inherited)",
					"@executable_path/Frameworks",
					"@loader_path/Frameworks",
				);
				PRODUCT_BUNDLE_IDENTIFIER = "com.sonomos.Wefox-PokedexUITests";
				PRODUCT_NAME = "$(TARGET_NAME)";
				SWIFT_VERSION = 5.0;
				TARGETED_DEVICE_FAMILY = "1,2";
				TEST_TARGET_NAME = "Wefox Pokedex";
			};
			name = Release;
		};
/* End XCBuildConfiguration section */

/* Begin XCConfigurationList section */
		AF4E3CAB22844C2200760406 /* Build configuration list for PBXProject "Wefox Pokedex" */ = {
			isa = XCConfigurationList;
			buildConfigurations = (
				AF4E3CD622844C2500760406 /* Debug */,
				AF4E3CD722844C2500760406 /* Release */,
			);
			defaultConfigurationIsVisible = 0;
			defaultConfigurationName = Release;
		};
		AF4E3CD822844C2500760406 /* Build configuration list for PBXNativeTarget "Wefox Pokedex" */ = {
			isa = XCConfigurationList;
			buildConfigurations = (
				AF4E3CD922844C2500760406 /* Debug */,
				AF4E3CDA22844C2500760406 /* Release */,
			);
			defaultConfigurationIsVisible = 0;
			defaultConfigurationName = Release;
		};
		AF4E3CDB22844C2500760406 /* Build configuration list for PBXNativeTarget "Wefox PokedexTests" */ = {
			isa = XCConfigurationList;
			buildConfigurations = (
				AF4E3CDC22844C2500760406 /* Debug */,
				AF4E3CDD22844C2500760406 /* Release */,
			);
			defaultConfigurationIsVisible = 0;
			defaultConfigurationName = Release;
		};
		AF4E3CDE22844C2500760406 /* Build configuration list for PBXNativeTarget "Wefox PokedexUITests" */ = {
			isa = XCConfigurationList;
			buildConfigurations = (
				AF4E3CDF22844C2500760406 /* Debug */,
				AF4E3CE022844C2500760406 /* Release */,
			);
			defaultConfigurationIsVisible = 0;
			defaultConfigurationName = Release;
		};
/* End XCConfigurationList section */
	};
	rootObject = AF4E3CA822844C2200760406 /* Project object */;
}
